// !$*UTF8*$!
{
	archiveVersion = 1;
	classes = {
	};
	objectVersion = 77;
	objects = {

/* Begin PBXContainerItemProxy section */
		9102EF012CE6B76500AF9FEC /* PBXContainerItemProxy */ = {
			isa = PBXContainerItemProxy;
			containerPortal = 9102EEE22CE6B76400AF9FEC /* Project object */;
			proxyType = 1;
			remoteGlobalIDString = 9102EEE92CE6B76400AF9FEC;
			remoteInfo = FavoritesApp;
		};
		9102EF0B2CE6B76500AF9FEC /* PBXContainerItemProxy */ = {
			isa = PBXContainerItemProxy;
			containerPortal = 9102EEE22CE6B76400AF9FEC /* Project object */;
			proxyType = 1;
			remoteGlobalIDString = 9102EEE92CE6B76400AF9FEC;
			remoteInfo = FavoritesApp;
		};
/* End PBXContainerItemProxy section */

/* Begin PBXFileReference section */
		9102EEEA2CE6B76400AF9FEC /* FavoritesApp.app */ = {isa = PBXFileReference; explicitFileType = wrapper.application; includeInIndex = 0; path = FavoritesApp.app; sourceTree = BUILT_PRODUCTS_DIR; };
		9102EF002CE6B76500AF9FEC /* FavoritesAppTests.xctest */ = {isa = PBXFileReference; explicitFileType = wrapper.cfbundle; includeInIndex = 0; path = FavoritesAppTests.xctest; sourceTree = BUILT_PRODUCTS_DIR; };
		9102EF0A2CE6B76500AF9FEC /* FavoritesAppUITests.xctest */ = {isa = PBXFileReference; explicitFileType = wrapper.cfbundle; includeInIndex = 0; path = FavoritesAppUITests.xctest; sourceTree = BUILT_PRODUCTS_DIR; };
/* End PBXFileReference section */

/* Begin PBXFileSystemSynchronizedBuildFileExceptionSet section */
		9102EF122CE6B76500AF9FEC /* Exceptions for "FavoritesApp" folder in "FavoritesApp" target */ = {
			isa = PBXFileSystemSynchronizedBuildFileExceptionSet;
			membershipExceptions = (
				Info.plist,
			);
			target = 9102EEE92CE6B76400AF9FEC /* FavoritesApp */;
		};
/* End PBXFileSystemSynchronizedBuildFileExceptionSet section */

/* Begin PBXFileSystemSynchronizedRootGroup section */
		9102EEEC2CE6B76400AF9FEC /* FavoritesApp */ = {
			isa = PBXFileSystemSynchronizedRootGroup;
			exceptions = (
				9102EF122CE6B76500AF9FEC /* Exceptions for "FavoritesApp" folder in "FavoritesApp" target */,
			);
			path = FavoritesApp;
			sourceTree = "<group>";
		};
		9102EF032CE6B76500AF9FEC /* FavoritesAppTests */ = {
			isa = PBXFileSystemSynchronizedRootGroup;
			path = FavoritesAppTests;
			sourceTree = "<group>";
		};
		9102EF0D2CE6B76500AF9FEC /* FavoritesAppUITests */ = {
			isa = PBXFileSystemSynchronizedRootGroup;
			path = FavoritesAppUITests;
			sourceTree = "<group>";
		};
/* End PBXFileSystemSynchronizedRootGroup section */

/* Begin PBXFrameworksBuildPhase section */
		9102EEE72CE6B76400AF9FEC /* Frameworks */ = {
			isa = PBXFrameworksBuildPhase;
			buildActionMask = 2147483647;
			files = (
			);
			runOnlyForDeploymentPostprocessing = 0;
		};
		9102EEFD2CE6B76500AF9FEC /* Frameworks */ = {
			isa = PBXFrameworksBuildPhase;
			buildActionMask = 2147483647;
			files = (
			);
			runOnlyForDeploymentPostprocessing = 0;
		};
		9102EF072CE6B76500AF9FEC /* Frameworks */ = {
			isa = PBXFrameworksBuildPhase;
			buildActionMask = 2147483647;
			files = (
			);
			runOnlyForDeploymentPostprocessing = 0;
		};
/* End PBXFrameworksBuildPhase section */

/* Begin PBXGroup section */
		9102EEE12CE6B76400AF9FEC = {
			isa = PBXGroup;
			children = (
				9102EEEC2CE6B76400AF9FEC /* FavoritesApp */,
				9102EF032CE6B76500AF9FEC /* FavoritesAppTests */,
				9102EF0D2CE6B76500AF9FEC /* FavoritesAppUITests */,
				9102EEEB2CE6B76400AF9FEC /* Products */,
			);
			sourceTree = "<group>";
		};
		9102EEEB2CE6B76400AF9FEC /* Products */ = {
			isa = PBXGroup;
			children = (
				9102EEEA2CE6B76400AF9FEC /* FavoritesApp.app */,
				9102EF002CE6B76500AF9FEC /* FavoritesAppTests.xctest */,
				9102EF0A2CE6B76500AF9FEC /* FavoritesAppUITests.xctest */,
			);
			name = Products;
			sourceTree = "<group>";
		};
/* End PBXGroup section */

/* Begin PBXNativeTarget section */
		9102EEE92CE6B76400AF9FEC /* FavoritesApp */ = {
			isa = PBXNativeTarget;
			buildConfigurationList = 9102EF132CE6B76500AF9FEC /* Build configuration list for PBXNativeTarget "FavoritesApp" */;
			buildPhases = (
				9102EEE62CE6B76400AF9FEC /* Sources */,
				9102EEE72CE6B76400AF9FEC /* Frameworks */,
				9102EEE82CE6B76400AF9FEC /* Resources */,
			);
			buildRules = (
			);
			dependencies = (
			);
			fileSystemSynchronizedGroups = (
				9102EEEC2CE6B76400AF9FEC /* FavoritesApp */,
			);
			name = FavoritesApp;
			packageProductDependencies = (
			);
			productName = FavoritesApp;
			productReference = 9102EEEA2CE6B76400AF9FEC /* FavoritesApp.app */;
			productType = "com.apple.product-type.application";
		};
		9102EEFF2CE6B76500AF9FEC /* FavoritesAppTests */ = {
			isa = PBXNativeTarget;
			buildConfigurationList = 9102EF182CE6B76500AF9FEC /* Build configuration list for PBXNativeTarget "FavoritesAppTests" */;
			buildPhases = (
				9102EEFC2CE6B76500AF9FEC /* Sources */,
				9102EEFD2CE6B76500AF9FEC /* Frameworks */,
				9102EEFE2CE6B76500AF9FEC /* Resources */,
			);
			buildRules = (
			);
			dependencies = (
				9102EF022CE6B76500AF9FEC /* PBXTargetDependency */,
			);
			fileSystemSynchronizedGroups = (
				9102EF032CE6B76500AF9FEC /* FavoritesAppTests */,
			);
			name = FavoritesAppTests;
			packageProductDependencies = (
			);
			productName = FavoritesAppTests;
			productReference = 9102EF002CE6B76500AF9FEC /* FavoritesAppTests.xctest */;
			productType = "com.apple.product-type.bundle.unit-test";
		};
		9102EF092CE6B76500AF9FEC /* FavoritesAppUITests */ = {
			isa = PBXNativeTarget;
			buildConfigurationList = 9102EF1B2CE6B76500AF9FEC /* Build configuration list for PBXNativeTarget "FavoritesAppUITests" */;
			buildPhases = (
				9102EF062CE6B76500AF9FEC /* Sources */,
				9102EF072CE6B76500AF9FEC /* Frameworks */,
				9102EF082CE6B76500AF9FEC /* Resources */,
			);
			buildRules = (
			);
			dependencies = (
				9102EF0C2CE6B76500AF9FEC /* PBXTargetDependency */,
			);
			fileSystemSynchronizedGroups = (
				9102EF0D2CE6B76500AF9FEC /* FavoritesAppUITests */,
			);
			name = FavoritesAppUITests;
			packageProductDependencies = (
			);
			productName = FavoritesAppUITests;
			productReference = 9102EF0A2CE6B76500AF9FEC /* FavoritesAppUITests.xctest */;
			productType = "com.apple.product-type.bundle.ui-testing";
		};
/* End PBXNativeTarget section */

/* Begin PBXProject section */
		9102EEE22CE6B76400AF9FEC /* Project object */ = {
			isa = PBXProject;
			attributes = {
				BuildIndependentTargetsInParallel = 1;
				LastSwiftUpdateCheck = 1600;
				LastUpgradeCheck = 1600;
				TargetAttributes = {
					9102EEE92CE6B76400AF9FEC = {
						CreatedOnToolsVersion = 16.0;
					};
					9102EEFF2CE6B76500AF9FEC = {
						CreatedOnToolsVersion = 16.0;
						TestTargetID = 9102EEE92CE6B76400AF9FEC;
					};
					9102EF092CE6B76500AF9FEC = {
						CreatedOnToolsVersion = 16.0;
						TestTargetID = 9102EEE92CE6B76400AF9FEC;
					};
				};
			};
			buildConfigurationList = 9102EEE52CE6B76400AF9FEC /* Build configuration list for PBXProject "FavoritesApp" */;
			developmentRegion = en;
			hasScannedForEncodings = 0;
			knownRegions = (
				en,
				Base,
			);
			mainGroup = 9102EEE12CE6B76400AF9FEC;
			minimizedProjectReferenceProxies = 1;
			preferredProjectObjectVersion = 77;
			productRefGroup = 9102EEEB2CE6B76400AF9FEC /* Products */;
			projectDirPath = "";
			projectRoot = "";
			targets = (
				9102EEE92CE6B76400AF9FEC /* FavoritesApp */,
				9102EEFF2CE6B76500AF9FEC /* FavoritesAppTests */,
				9102EF092CE6B76500AF9FEC /* FavoritesAppUITests */,
			);
		};
/* End PBXProject section */

/* Begin PBXResourcesBuildPhase section */
		9102EEE82CE6B76400AF9FEC /* Resources */ = {
			isa = PBXResourcesBuildPhase;
			buildActionMask = 2147483647;
			files = (
			);
			runOnlyForDeploymentPostprocessing = 0;
		};
		9102EEFE2CE6B76500AF9FEC /* Resources */ = {
			isa = PBXResourcesBuildPhase;
			buildActionMask = 2147483647;
			files = (
			);
			runOnlyForDeploymentPostprocessing = 0;
		};
		9102EF082CE6B76500AF9FEC /* Resources */ = {
			isa = PBXResourcesBuildPhase;
			buildActionMask = 2147483647;
			files = (
			);
			runOnlyForDeploymentPostprocessing = 0;
		};
/* End PBXResourcesBuildPhase section */

/* Begin PBXSourcesBuildPhase section */
		9102EEE62CE6B76400AF9FEC /* Sources */ = {
			isa = PBXSourcesBuildPhase;
			buildActionMask = 2147483647;
			files = (
			);
			runOnlyForDeploymentPostprocessing = 0;
		};
		9102EEFC2CE6B76500AF9FEC /* Sources */ = {
			isa = PBXSourcesBuildPhase;
			buildActionMask = 2147483647;
			files = (
			);
			runOnlyForDeploymentPostprocessing = 0;
		};
		9102EF062CE6B76500AF9FEC /* Sources */ = {
			isa = PBXSourcesBuildPhase;
			buildActionMask = 2147483647;
			files = (
			);
			runOnlyForDeploymentPostprocessing = 0;
		};
/* End PBXSourcesBuildPhase section */

/* Begin PBXTargetDependency section */
		9102EF022CE6B76500AF9FEC /* PBXTargetDependency */ = {
			isa = PBXTargetDependency;
			target = 9102EEE92CE6B76400AF9FEC /* FavoritesApp */;
			targetProxy = 9102EF012CE6B76500AF9FEC /* PBXContainerItemProxy */;
		};
		9102EF0C2CE6B76500AF9FEC /* PBXTargetDependency */ = {
			isa = PBXTargetDependency;
			target = 9102EEE92CE6B76400AF9FEC /* FavoritesApp */;
			targetProxy = 9102EF0B2CE6B76500AF9FEC /* PBXContainerItemProxy */;
		};
/* End PBXTargetDependency section */

/* Begin XCBuildConfiguration section */
		9102EF142CE6B76500AF9FEC /* Debug */ = {
			isa = XCBuildConfiguration;
			buildSettings = {
				ASSETCATALOG_COMPILER_APPICON_NAME = AppIcon;
				ASSETCATALOG_COMPILER_GLOBAL_ACCENT_COLOR_NAME = AccentColor;
				CODE_SIGN_STYLE = Automatic;
				CURRENT_PROJECT_VERSION = 1;
				GENERATE_INFOPLIST_FILE = YES;
				INFOPLIST_FILE = FavoritesApp/Info.plist;
				INFOPLIST_KEY_UIApplicationSupportsIndirectInputEvents = YES;
				INFOPLIST_KEY_UILaunchStoryboardName = LaunchScreen;
				INFOPLIST_KEY_UIMainStoryboardFile = Main;
				INFOPLIST_KEY_UISupportedInterfaceOrientations_iPad = "UIInterfaceOrientationPortrait UIInterfaceOrientationPortraitUpsideDown UIInterfaceOrientationLandscapeLeft UIInterfaceOrientationLandscapeRight";
				INFOPLIST_KEY_UISupportedInterfaceOrientations_iPhone = "UIInterfaceOrientationPortrait UIInterfaceOrientationLandscapeLeft UIInterfaceOrientationLandscapeRight";
				LD_RUNPATH_SEARCH_PATHS = (
					"$(inherited)",
					"@executable_path/Frameworks",
				);
				MARKETING_VERSION = 1.0;
				PRODUCT_BUNDLE_IDENTIFIER = daniyal.FavoritesApp;
				PRODUCT_NAME = "$(TARGET_NAME)";
				SWIFT_EMIT_LOC_STRINGS = YES;
				SWIFT_VERSION = 5.0;
				TARGETED_DEVICE_FAMILY = "1,2";
			};
			name = Debug;
		};
		9102EF152CE6B76500AF9FEC /* Release */ = {
			isa = XCBuildConfiguration;
			buildSettings = {
				ASSETCATALOG_COMPILER_APPICON_NAME = AppIcon;
				ASSETCATALOG_COMPILER_GLOBAL_ACCENT_COLOR_NAME = AccentColor;
				CODE_SIGN_STYLE = Automatic;
				CURRENT_PROJECT_VERSION = 1;
				GENERATE_INFOPLIST_FILE = YES;
				INFOPLIST_FILE = FavoritesApp/Info.plist;
				INFOPLIST_KEY_UIApplicationSupportsIndirectInputEvents = YES;
				INFOPLIST_KEY_UILaunchStoryboardName = LaunchScreen;
				INFOPLIST_KEY_UIMainStoryboardFile = Main;
				INFOPLIST_KEY_UISupportedInterfaceOrientations_iPad = "UIInterfaceOrientationPortrait UIInterfaceOrientationPortraitUpsideDown UIInterfaceOrientationLandscapeLeft UIInterfaceOrientationLandscapeRight";
				INFOPLIST_KEY_UISupportedInterfaceOrientations_iPhone = "UIInterfaceOrientationPortrait UIInterfaceOrientationLandscapeLeft UIInterfaceOrientationLandscapeRight";
				LD_RUNPATH_SEARCH_PATHS = (
					"$(inherited)",
					"@executable_path/Frameworks",
				);
				MARKETING_VERSION = 1.0;
				PRODUCT_BUNDLE_IDENTIFIER = daniyal.FavoritesApp;
				PRODUCT_NAME = "$(TARGET_NAME)";
				SWIFT_EMIT_LOC_STRINGS = YES;
				SWIFT_VERSION = 5.0;
				TARGETED_DEVICE_FAMILY = "1,2";
			};
			name = Release;
		};
		9102EF162CE6B76500AF9FEC /* Debug */ = {
			isa = XCBuildConfiguration;
			buildSettings = {
				ALWAYS_SEARCH_USER_PATHS = NO;
				ASSETCATALOG_COMPILER_GENERATE_SWIFT_ASSET_SYMBOL_EXTENSIONS = YES;
				CLANG_ANALYZER_NONNULL = YES;
				CLANG_ANALYZER_NUMBER_OBJECT_CONVERSION = YES_AGGRESSIVE;
				CLANG_CXX_LANGUAGE_STANDARD = "gnu++20";
				CLANG_ENABLE_MODULES = YES;
				CLANG_ENABLE_OBJC_ARC = YES;
				CLANG_ENABLE_OBJC_WEAK = YES;
				CLANG_WARN_BLOCK_CAPTURE_AUTORELEASING = YES;
				CLANG_WARN_BOOL_CONVERSION = YES;
				CLANG_WARN_COMMA = YES;
				CLANG_WARN_CONSTANT_CONVERSION = YES;
				CLANG_WARN_DEPRECATED_OBJC_IMPLEMENTATIONS = YES;
				CLANG_WARN_DIRECT_OBJC_ISA_USAGE = YES_ERROR;
				CLANG_WARN_DOCUMENTATION_COMMENTS = YES;
				CLANG_WARN_EMPTY_BODY = YES;
				CLANG_WARN_ENUM_CONVERSION = YES;
				CLANG_WARN_INFINITE_RECURSION = YES;
				CLANG_WARN_INT_CONVERSION = YES;
				CLANG_WARN_NON_LITERAL_NULL_CONVERSION = YES;
				CLANG_WARN_OBJC_IMPLICIT_RETAIN_SELF = YES;
				CLANG_WARN_OBJC_LITERAL_CONVERSION = YES;
				CLANG_WARN_OBJC_ROOT_CLASS = YES_ERROR;
				CLANG_WARN_QUOTED_INCLUDE_IN_FRAMEWORK_HEADER = YES;
				CLANG_WARN_RANGE_LOOP_ANALYSIS = YES;
				CLANG_WARN_STRICT_PROTOTYPES = YES;
				CLANG_WARN_SUSPICIOUS_MOVE = YES;
				CLANG_WARN_UNGUARDED_AVAILABILITY = YES_AGGRESSIVE;
				CLANG_WARN_UNREACHABLE_CODE = YES;
				CLANG_WARN__DUPLICATE_METHOD_MATCH = YES;
				COPY_PHASE_STRIP = NO;
				DEBUG_INFORMATION_FORMAT = dwarf;
				ENABLE_STRICT_OBJC_MSGSEND = YES;
				ENABLE_TESTABILITY = YES;
				ENABLE_USER_SCRIPT_SANDBOXING = YES;
				GCC_C_LANGUAGE_STANDARD = gnu17;
				GCC_DYNAMIC_NO_PIC = NO;
				GCC_NO_COMMON_BLOCKS = YES;
				GCC_OPTIMIZATION_LEVEL = 0;
				GCC_PREPROCESSOR_DEFINITIONS = (
					"DEBUG=1",
					"$(inherited)",
				);
				GCC_WARN_64_TO_32_BIT_CONVERSION = YES;
				GCC_WARN_ABOUT_RETURN_TYPE = YES_ERROR;
				GCC_WARN_UNDECLARED_SELECTOR = YES;
				GCC_WARN_UNINITIALIZED_AUTOS = YES_AGGRESSIVE;
				GCC_WARN_UNUSED_FUNCTION = YES;
				GCC_WARN_UNUSED_VARIABLE = YES;
				IPHONEOS_DEPLOYMENT_TARGET = 18.0;
				LOCALIZATION_PREFERS_STRING_CATALOGS = YES;
				MTL_ENABLE_DEBUG_INFO = INCLUDE_SOURCE;
				MTL_FAST_MATH = YES;
				ONLY_ACTIVE_ARCH = YES;
				SDKROOT = iphoneos;
				SWIFT_ACTIVE_COMPILATION_CONDITIONS = "DEBUG $(inherited)";
				SWIFT_OPTIMIZATION_LEVEL = "-Onone";
			};
			name = Debug;
		};
		9102EF172CE6B76500AF9FEC /* Release */ = {
			isa = XCBuildConfiguration;
			buildSettings = {
				ALWAYS_SEARCH_USER_PATHS = NO;
				ASSETCATALOG_COMPILER_GENERATE_SWIFT_ASSET_SYMBOL_EXTENSIONS = YES;
				CLANG_ANALYZER_NONNULL = YES;
				CLANG_ANALYZER_NUMBER_OBJECT_CONVERSION = YES_AGGRESSIVE;
				CLANG_CXX_LANGUAGE_STANDARD = "gnu++20";
				CLANG_ENABLE_MODULES = YES;
				CLANG_ENABLE_OBJC_ARC = YES;
				CLANG_ENABLE_OBJC_WEAK = YES;
				CLANG_WARN_BLOCK_CAPTURE_AUTORELEASING = YES;
				CLANG_WARN_BOOL_CONVERSION = YES;
				CLANG_WARN_COMMA = YES;
				CLANG_WARN_CONSTANT_CONVERSION = YES;
				CLANG_WARN_DEPRECATED_OBJC_IMPLEMENTATIONS = YES;
				CLANG_WARN_DIRECT_OBJC_ISA_USAGE = YES_ERROR;
				CLANG_WARN_DOCUMENTATION_COMMENTS = YES;
				CLANG_WARN_EMPTY_BODY = YES;
				CLANG_WARN_ENUM_CONVERSION = YES;
				CLANG_WARN_INFINITE_RECURSION = YES;
				CLANG_WARN_INT_CONVERSION = YES;
				CLANG_WARN_NON_LITERAL_NULL_CONVERSION = YES;
				CLANG_WARN_OBJC_IMPLICIT_RETAIN_SELF = YES;
				CLANG_WARN_OBJC_LITERAL_CONVERSION = YES;
				CLANG_WARN_OBJC_ROOT_CLASS = YES_ERROR;
				CLANG_WARN_QUOTED_INCLUDE_IN_FRAMEWORK_HEADER = YES;
				CLANG_WARN_RANGE_LOOP_ANALYSIS = YES;
				CLANG_WARN_STRICT_PROTOTYPES = YES;
				CLANG_WARN_SUSPICIOUS_MOVE = YES;
				CLANG_WARN_UNGUARDED_AVAILABILITY = YES_AGGRESSIVE;
				CLANG_WARN_UNREACHABLE_CODE = YES;
				CLANG_WARN__DUPLICATE_METHOD_MATCH = YES;
				COPY_PHASE_STRIP = NO;
				DEBUG_INFORMATION_FORMAT = "dwarf-with-dsym";
				ENABLE_NS_ASSERTIONS = NO;
				ENABLE_STRICT_OBJC_MSGSEND = YES;
				ENABLE_USER_SCRIPT_SANDBOXING = YES;
				GCC_C_LANGUAGE_STANDARD = gnu17;
				GCC_NO_COMMON_BLOCKS = YES;
				GCC_WARN_64_TO_32_BIT_CONVERSION = YES;
				GCC_WARN_ABOUT_RETURN_TYPE = YES_ERROR;
				GCC_WARN_UNDECLARED_SELECTOR = YES;
				GCC_WARN_UNINITIALIZED_AUTOS = YES_AGGRESSIVE;
				GCC_WARN_UNUSED_FUNCTION = YES;
				GCC_WARN_UNUSED_VARIABLE = YES;
				IPHONEOS_DEPLOYMENT_TARGET = 18.0;
				LOCALIZATION_PREFERS_STRING_CATALOGS = YES;
				MTL_ENABLE_DEBUG_INFO = NO;
				MTL_FAST_MATH = YES;
				SDKROOT = iphoneos;
				SWIFT_COMPILATION_MODE = wholemodule;
				VALIDATE_PRODUCT = YES;
			};
			name = Release;
		};
		9102EF192CE6B76500AF9FEC /* Debug */ = {
			isa = XCBuildConfiguration;
			buildSettings = {
				BUNDLE_LOADER = "$(TEST_HOST)";
				CODE_SIGN_STYLE = Automatic;
				CURRENT_PROJECT_VERSION = 1;
				GENERATE_INFOPLIST_FILE = YES;
				IPHONEOS_DEPLOYMENT_TARGET = 18.0;
				MARKETING_VERSION = 1.0;
				PRODUCT_BUNDLE_IDENTIFIER = daniyal.FavoritesAppTests;
				PRODUCT_NAME = "$(TARGET_NAME)";
				SWIFT_EMIT_LOC_STRINGS = NO;
				SWIFT_VERSION = 5.0;
				TARGETED_DEVICE_FAMILY = "1,2";
				TEST_HOST = "$(BUILT_PRODUCTS_DIR)/FavoritesApp.app/$(BUNDLE_EXECUTABLE_FOLDER_PATH)/FavoritesApp";
			};
			name = Debug;
		};
		9102EF1A2CE6B76500AF9FEC /* Release */ = {
			isa = XCBuildConfiguration;
			buildSettings = {
				BUNDLE_LOADER = "$(TEST_HOST)";
				CODE_SIGN_STYLE = Automatic;
				CURRENT_PROJECT_VERSION = 1;
				GENERATE_INFOPLIST_FILE = YES;
				IPHONEOS_DEPLOYMENT_TARGET = 18.0;
				MARKETING_VERSION = 1.0;
				PRODUCT_BUNDLE_IDENTIFIER = daniyal.FavoritesAppTests;
				PRODUCT_NAME = "$(TARGET_NAME)";
				SWIFT_EMIT_LOC_STRINGS = NO;
				SWIFT_VERSION = 5.0;
				TARGETED_DEVICE_FAMILY = "1,2";
				TEST_HOST = "$(BUILT_PRODUCTS_DIR)/FavoritesApp.app/$(BUNDLE_EXECUTABLE_FOLDER_PATH)/FavoritesApp";
			};
			name = Release;
		};
		9102EF1C2CE6B76500AF9FEC /* Debug */ = {
			isa = XCBuildConfiguration;
			buildSettings = {
				CODE_SIGN_STYLE = Automatic;
				CURRENT_PROJECT_VERSION = 1;
				GENERATE_INFOPLIST_FILE = YES;
				MARKETING_VERSION = 1.0;
				PRODUCT_BUNDLE_IDENTIFIER = daniyal.FavoritesAppUITests;
				PRODUCT_NAME = "$(TARGET_NAME)";
				SWIFT_EMIT_LOC_STRINGS = NO;
				SWIFT_VERSION = 5.0;
				TARGETED_DEVICE_FAMILY = "1,2";
				TEST_TARGET_NAME = FavoritesApp;
			};
			name = Debug;
		};
		9102EF1D2CE6B76500AF9FEC /* Release */ = {
			isa = XCBuildConfiguration;
			buildSettings = {
				CODE_SIGN_STYLE = Automatic;
				CURRENT_PROJECT_VERSION = 1;
				GENERATE_INFOPLIST_FILE = YES;
				MARKETING_VERSION = 1.0;
				PRODUCT_BUNDLE_IDENTIFIER = daniyal.FavoritesAppUITests;
				PRODUCT_NAME = "$(TARGET_NAME)";
				SWIFT_EMIT_LOC_STRINGS = NO;
				SWIFT_VERSION = 5.0;
				TARGETED_DEVICE_FAMILY = "1,2";
				TEST_TARGET_NAME = FavoritesApp;
			};
			name = Release;
		};
/* End XCBuildConfiguration section */

/* Begin XCConfigurationList section */
		9102EEE52CE6B76400AF9FEC /* Build configuration list for PBXProject "FavoritesApp" */ = {
			isa = XCConfigurationList;
			buildConfigurations = (
				9102EF162CE6B76500AF9FEC /* Debug */,
				9102EF172CE6B76500AF9FEC /* Release */,
			);
			defaultConfigurationIsVisible = 0;
			defaultConfigurationName = Release;
		};
		9102EF132CE6B76500AF9FEC /* Build configuration list for PBXNativeTarget "FavoritesApp" */ = {
			isa = XCConfigurationList;
			buildConfigurations = (
				9102EF142CE6B76500AF9FEC /* Debug */,
				9102EF152CE6B76500AF9FEC /* Release */,
			);
			defaultConfigurationIsVisible = 0;
			defaultConfigurationName = Release;
		};
		9102EF182CE6B76500AF9FEC /* Build configuration list for PBXNativeTarget "FavoritesAppTests" */ = {
			isa = XCConfigurationList;
			buildConfigurations = (
				9102EF192CE6B76500AF9FEC /* Debug */,
				9102EF1A2CE6B76500AF9FEC /* Release */,
			);
			defaultConfigurationIsVisible = 0;
			defaultConfigurationName = Release;
		};
		9102EF1B2CE6B76500AF9FEC /* Build configuration list for PBXNativeTarget "FavoritesAppUITests" */ = {
			isa = XCConfigurationList;
			buildConfigurations = (
				9102EF1C2CE6B76500AF9FEC /* Debug */,
				9102EF1D2CE6B76500AF9FEC /* Release */,
			);
			defaultConfigurationIsVisible = 0;
			defaultConfigurationName = Release;
		};
/* End XCConfigurationList section */
	};
	rootObject = 9102EEE22CE6B76400AF9FEC /* Project object */;
}
